<?xml version="1.0" encoding="utf-8"?>
<Project ToolsVersion="4.0" xmlns="http://schemas.microsoft.com/developer/msbuild/2003">
  <ItemGroup>
    <Filter Include="Source Files">
      <UniqueIdentifier>{4FC737F1-C7A5-4376-A066-2A32D752A2FF}</UniqueIdentifier>
      <Extensions>cpp;c;cc;cxx;def;odl;idl;hpj;bat;asm;asmx</Extensions>
    </Filter>
    <Filter Include="Header Files">
      <UniqueIdentifier>{93995380-89BD-4b04-88EB-625FBE52EBFB}</UniqueIdentifier>
      <Extensions>h;hpp;hxx;hm;inl;inc;xsd</Extensions>
    </Filter>
    <Filter Include="Resource Files">
      <UniqueIdentifier>{67DA6AB6-F800-4c08-8B7A-83BB121AAD01}</UniqueIdentifier>
      <Extensions>rc;ico;cur;bmp;dlg;rc2;rct;bin;rgs;gif;jpg;jpeg;jpe;resx;tiff;tif;png;wav;mfcribbon-ms</Extensions>
    </Filter>
    <Filter Include="Header Files\parser">
      <UniqueIdentifier>{80622d41-25e3-4333-ad3d-0af100e80223}</UniqueIdentifier>
    </Filter>
    <Filter Include="Header Files\record">
      <UniqueIdentifier>{2739d2f2-9142-4b6f-a56b-d6467aad29de}</UniqueIdentifier>
    </Filter>
    <Filter Include="Header Files\iterator">
      <UniqueIdentifier>{8fbeb888-d9aa-4ac3-ad7b-bdcb426cfaa8}</UniqueIdentifier>
    </Filter>
    <Filter Include="Header Files\reader">
      <UniqueIdentifier>{4ac6a07e-cfd5-4923-afb4-73d57261c9cf}</UniqueIdentifier>
    </Filter>
  </ItemGroup>
  <ItemGroup>
    <ClCompile Include="CompoundId.cpp">
      <Filter>Source Files</Filter>
    </ClCompile>
    <ClCompile Include="RecordReaderFactory.cpp">
      <Filter>Source Files</Filter>
    </ClCompile>
    <ClCompile Include="IteratorStaticLib.cpp">
      <Filter>Source Files</Filter>
    </ClCompile>
    <ClCompile Include="FileIterator.cpp">
      <Filter>Source Files</Filter>
    </ClCompile>
  </ItemGroup>
  <ItemGroup>
    <ClInclude Include="precompile_header.h">
      <Filter>Header Files</Filter>
    </ClInclude>
    <ClInclude Include="CompoundId.h">
      <Filter>Header Files</Filter>
    </ClInclude>
    <ClInclude Include="Macros.h">
      <Filter>Header Files</Filter>
    </ClInclude>
    <ClInclude Include="CompoundRecord.h">
      <Filter>Header Files\record</Filter>
    </ClInclude>
    <ClInclude Include="TextRecordIterator.h">
      <Filter>Header Files\iterator</Filter>
    </ClInclude>
    <ClInclude Include="ITextRecordIterator.h">
      <Filter>Header Files\iterator</Filter>
    </ClInclude>
    <ClInclude Include="TemplateParser.h">
      <Filter>Header Files\parser</Filter>
    </ClInclude>
    <ClInclude Include="TemplateTextRecordIterator.h">
      <Filter>Header Files\iterator</Filter>
    </ClInclude>
    <ClInclude Include="RecordParser.h">
      <Filter>Header Files\parser</Filter>
    </ClInclude>
    <ClInclude Include="IRecordReader.h">
      <Filter>Header Files\reader</Filter>
    </ClInclude>
    <ClInclude Include="TextRecordReader.h">
      <Filter>Header Files\reader</Filter>
    </ClInclude>
    <ClInclude Include="RecordReaderFactory.h">
      <Filter>Header Files\reader</Filter>
    </ClInclude>
    <ClInclude Include="TargetRecord.h">
      <Filter>Header Files\record</Filter>
    </ClInclude>
    <ClInclude Include="IteratorStaticLib.h">
      <Filter>Header Files</Filter>
    </ClInclude>
    <ClInclude Include="FileIterator.h">
      <Filter>Header Files\iterator</Filter>
    </ClInclude>
    <ClInclude Include="FileListReaderFactory.h">
      <Filter>Header Files\reader</Filter>
    </ClInclude>
    <ClInclude Include="FileListReader.h">
      <Filter>Header Files\reader</Filter>
    </ClInclude>
    <ClInclude Include="PredRecord.h">
      <Filter>Header Files\record</Filter>
    </ClInclude>
  </ItemGroup>
</Project>