
Microsoft Visual Studio Solution File, Format Version 12.00
# Visual Studio 2012
Project("{8BC9CEB8-8B4A-11D0-8D11-00A0C91BC942}") = "Iterator", "random_forest\random_forest.vcxproj", "{89E9927E-9FDF-448F-BD30-F876B3D28268}"
EndProject
Project("{8BC9CEB8-8B4A-11D0-8D11-00A0C91BC942}") = "RandomForest", "Random Forest\Random Forest.vcxproj", "{3305DFAA-72F1-4D82-A596-864673A1D449}"
EndProject
Project("{2150E333-8FDC-42A3-9474-1A3956D46DE8}") = "Solution Items", "Solution Items", "{8B4AEAB8-FA9E-40D3-9E45-8C73EEB3A209}"
	ProjectSection(SolutionItems) = preProject
		Performance1.psess = Performance1.psess
	EndProjectSection
EndProject
Global
	GlobalSection(SolutionConfigurationPlatforms) = preSolution
		Debug|Mixed Platforms = Debug|Mixed Platforms
		Debug|Win32 = Debug|Win32
		Debug|x64 = Debug|x64
		Release|Mixed Platforms = Release|Mixed Platforms
		Release|Win32 = Release|Win32
		Release|x64 = Release|x64
	EndGlobalSection
	GlobalSection(ProjectConfigurationPlatforms) = postSolution
		{89E9927E-9FDF-448F-BD30-F876B3D28268}.Debug|Mixed Platforms.ActiveCfg = Debug|Win32
		{89E9927E-9FDF-448F-BD30-F876B3D28268}.Debug|Mixed Platforms.Build.0 = Debug|Win32
		{89E9927E-9FDF-448F-BD30-F876B3D28268}.Debug|Win32.ActiveCfg = Debug|Win32
		{89E9927E-9FDF-448F-BD30-F876B3D28268}.Debug|Win32.Build.0 = Debug|Win32
		{89E9927E-9FDF-448F-BD30-F876B3D28268}.Debug|x64.ActiveCfg = Debug|x64
		{89E9927E-9FDF-448F-BD30-F876B3D28268}.Debug|x64.Build.0 = Debug|x64
		{89E9927E-9FDF-448F-BD30-F876B3D28268}.Release|Mixed Platforms.ActiveCfg = Release|Win32
		{89E9927E-9FDF-448F-BD30-F876B3D28268}.Release|Mixed Platforms.Build.0 = Release|Win32
		{89E9927E-9FDF-448F-BD30-F876B3D28268}.Release|Win32.ActiveCfg = Release|Win32
		{89E9927E-9FDF-448F-BD30-F876B3D28268}.Release|Win32.Build.0 = Release|Win32
		{89E9927E-9FDF-448F-BD30-F876B3D28268}.Release|x64.ActiveCfg = Release|x64
		{89E9927E-9FDF-448F-BD30-F876B3D28268}.Release|x64.Build.0 = Release|x64
		{3305DFAA-72F1-4D82-A596-864673A1D449}.Debug|Mixed Platforms.ActiveCfg = Debug|Win32
		{3305DFAA-72F1-4D82-A596-864673A1D449}.Debug|Mixed Platforms.Build.0 = Debug|Win32
		{3305DFAA-72F1-4D82-A596-864673A1D449}.Debug|Win32.ActiveCfg = Debug|Win32
		{3305DFAA-72F1-4D82-A596-864673A1D449}.Debug|Win32.Build.0 = Debug|Win32
		{3305DFAA-72F1-4D82-A596-864673A1D449}.Debug|x64.ActiveCfg = Debug|x64
		{3305DFAA-72F1-4D82-A596-864673A1D449}.Debug|x64.Build.0 = Debug|x64
		{3305DFAA-72F1-4D82-A596-864673A1D449}.Release|Mixed Platforms.ActiveCfg = Release|Win32
		{3305DFAA-72F1-4D82-A596-864673A1D449}.Release|Mixed Platforms.Build.0 = Release|Win32
		{3305DFAA-72F1-4D82-A596-864673A1D449}.Release|Win32.ActiveCfg = Release|Win32
		{3305DFAA-72F1-4D82-A596-864673A1D449}.Release|Win32.Build.0 = Release|Win32
		{3305DFAA-72F1-4D82-A596-864673A1D449}.Release|x64.ActiveCfg = Release|x64
		{3305DFAA-72F1-4D82-A596-864673A1D449}.Release|x64.Build.0 = Release|x64
	EndGlobalSection
	GlobalSection(SolutionProperties) = preSolution
		HideSolutionNode = FALSE
	EndGlobalSection
	GlobalSection(Performance) = preSolution
		HasPerformanceSessions = true
	EndGlobalSection
EndGlobal
